// !$*UTF8*$!
{
	archiveVersion = 1;
	classes = {
	};
	objectVersion = 46;
	objects = {

/* Begin PBXBuildFile section */
		3B834FFD182DEF050023D9E1 /* Foundation.framework in Frameworks */ = {isa = PBXBuildFile; fileRef = 3B834FFC182DEF050023D9E1 /* Foundation.framework */; };
		3B834FFF182DEF050023D9E1 /* CoreGraphics.framework in Frameworks */ = {isa = PBXBuildFile; fileRef = 3B834FFE182DEF050023D9E1 /* CoreGraphics.framework */; };
		3B835001182DEF050023D9E1 /* UIKit.framework in Frameworks */ = {isa = PBXBuildFile; fileRef = 3B835000182DEF050023D9E1 /* UIKit.framework */; };
		3B835007182DEF050023D9E1 /* InfoPlist.strings in Resources */ = {isa = PBXBuildFile; fileRef = 3B835005182DEF050023D9E1 /* InfoPlist.strings */; };
		3B835009182DEF050023D9E1 /* main.m in Sources */ = {isa = PBXBuildFile; fileRef = 3B835008182DEF050023D9E1 /* main.m */; };
		3B83500D182DEF050023D9E1 /* AppDelegate.m in Sources */ = {isa = PBXBuildFile; fileRef = 3B83500C182DEF050023D9E1 /* AppDelegate.m */; };
		3B835010182DEF050023D9E1 /* Main.storyboard in Resources */ = {isa = PBXBuildFile; fileRef = 3B83500E182DEF050023D9E1 /* Main.storyboard */; };
		3B835013182DEF050023D9E1 /* ViewController.m in Sources */ = {isa = PBXBuildFile; fileRef = 3B835012182DEF050023D9E1 /* ViewController.m */; };
		3B835015182DEF050023D9E1 /* Images.xcassets in Resources */ = {isa = PBXBuildFile; fileRef = 3B835014182DEF050023D9E1 /* Images.xcassets */; };
		3B83501C182DEF050023D9E1 /* XCTest.framework in Frameworks */ = {isa = PBXBuildFile; fileRef = 3B83501B182DEF050023D9E1 /* XCTest.framework */; };
		3B83501D182DEF050023D9E1 /* Foundation.framework in Frameworks */ = {isa = PBXBuildFile; fileRef = 3B834FFC182DEF050023D9E1 /* Foundation.framework */; };
		3B83501E182DEF050023D9E1 /* UIKit.framework in Frameworks */ = {isa = PBXBuildFile; fileRef = 3B835000182DEF050023D9E1 /* UIKit.framework */; };
		3B835026182DEF050023D9E1 /* InfoPlist.strings in Resources */ = {isa = PBXBuildFile; fileRef = 3B835024182DEF050023D9E1 /* InfoPlist.strings */; };
		3B835028182DEF050023D9E1 /* BlockSampleApplicationTests.m in Sources */ = {isa = PBXBuildFile; fileRef = 3B835027182DEF050023D9E1 /* BlockSampleApplicationTests.m */; };
		3B835033182DF0750023D9E1 /* Human.m in Sources */ = {isa = PBXBuildFile; fileRef = 3B835032182DF0750023D9E1 /* Human.m */; };
/* End PBXBuildFile section */

/* Begin PBXContainerItemProxy section */
		3B83501F182DEF050023D9E1 /* PBXContainerItemProxy */ = {
			isa = PBXContainerItemProxy;
			containerPortal = 3B834FF1182DEF050023D9E1 /* Project object */;
			proxyType = 1;
			remoteGlobalIDString = 3B834FF8182DEF050023D9E1;
			remoteInfo = BlockSampleApplication;
		};
/* End PBXContainerItemProxy section */

/* Begin PBXFileReference section */
		3B834FF9182DEF050023D9E1 /* BlockSampleApplication.app */ = {isa = PBXFileReference; explicitFileType = wrapper.application; includeInIndex = 0; path = BlockSampleApplication.app; sourceTree = BUILT_PRODUCTS_DIR; };
		3B834FFC182DEF050023D9E1 /* Foundation.framework */ = {isa = PBXFileReference; lastKnownFileType = wrapper.framework; name = Foundation.framework; path = System/Library/Frameworks/Foundation.framework; sourceTree = SDKROOT; };
		3B834FFE182DEF050023D9E1 /* CoreGraphics.framework */ = {isa = PBXFileReference; lastKnownFileType = wrapper.framework; name = CoreGraphics.framework; path = System/Library/Frameworks/CoreGraphics.framework; sourceTree = SDKROOT; };
		3B835000182DEF050023D9E1 /* UIKit.framework */ = {isa = PBXFileReference; lastKnownFileType = wrapper.framework; name = UIKit.framework; path = System/Library/Frameworks/UIKit.framework; sourceTree = SDKROOT; };
		3B835004182DEF050023D9E1 /* BlockSampleApplication-Info.plist */ = {isa = PBXFileReference; lastKnownFileType = text.plist.xml; path = "BlockSampleApplication-Info.plist"; sourceTree = "<group>"; };
		3B835006182DEF050023D9E1 /* en */ = {isa = PBXFileReference; lastKnownFileType = text.plist.strings; name = en; path = en.lproj/InfoPlist.strings; sourceTree = "<group>"; };
		3B835008182DEF050023D9E1 /* main.m */ = {isa = PBXFileReference; lastKnownFileType = sourcecode.c.objc; path = main.m; sourceTree = "<group>"; };
		3B83500A182DEF050023D9E1 /* BlockSampleApplication-Prefix.pch */ = {isa = PBXFileReference; lastKnownFileType = sourcecode.c.h; path = "BlockSampleApplication-Prefix.pch"; sourceTree = "<group>"; };
		3B83500B182DEF050023D9E1 /* AppDelegate.h */ = {isa = PBXFileReference; lastKnownFileType = sourcecode.c.h; path = AppDelegate.h; sourceTree = "<group>"; };
		3B83500C182DEF050023D9E1 /* AppDelegate.m */ = {isa = PBXFileReference; lastKnownFileType = sourcecode.c.objc; path = AppDelegate.m; sourceTree = "<group>"; };
		3B83500F182DEF050023D9E1 /* Base */ = {isa = PBXFileReference; lastKnownFileType = file.storyboard; name = Base; path = Base.lproj/Main.storyboard; sourceTree = "<group>"; };
		3B835011182DEF050023D9E1 /* ViewController.h */ = {isa = PBXFileReference; lastKnownFileType = sourcecode.c.h; path = ViewController.h; sourceTree = "<group>"; };
		3B835012182DEF050023D9E1 /* ViewController.m */ = {isa = PBXFileReference; lastKnownFileType = sourcecode.c.objc; path = ViewController.m; sourceTree = "<group>"; };
		3B835014182DEF050023D9E1 /* Images.xcassets */ = {isa = PBXFileReference; lastKnownFileType = folder.assetcatalog; path = Images.xcassets; sourceTree = "<group>"; };
		3B83501A182DEF050023D9E1 /* BlockSampleApplicationTests.xctest */ = {isa = PBXFileReference; explicitFileType = wrapper.cfbundle; includeInIndex = 0; path = BlockSampleApplicationTests.xctest; sourceTree = BUILT_PRODUCTS_DIR; };
		3B83501B182DEF050023D9E1 /* XCTest.framework */ = {isa = PBXFileReference; lastKnownFileType = wrapper.framework; name = XCTest.framework; path = Library/Frameworks/XCTest.framework; sourceTree = DEVELOPER_DIR; };
		3B835023182DEF050023D9E1 /* BlockSampleApplicationTests-Info.plist */ = {isa = PBXFileReference; lastKnownFileType = text.plist.xml; path = "BlockSampleApplicationTests-Info.plist"; sourceTree = "<group>"; };
		3B835025182DEF050023D9E1 /* en */ = {isa = PBXFileReference; lastKnownFileType = text.plist.strings; name = en; path = en.lproj/InfoPlist.strings; sourceTree = "<group>"; };
		3B835027182DEF050023D9E1 /* BlockSampleApplicationTests.m */ = {isa = PBXFileReference; lastKnownFileType = sourcecode.c.objc; path = BlockSampleApplicationTests.m; sourceTree = "<group>"; };
		3B835031182DF0750023D9E1 /* Human.h */ = {isa = PBXFileReference; fileEncoding = 4; lastKnownFileType = sourcecode.c.h; path = Human.h; sourceTree = "<group>"; };
		3B835032182DF0750023D9E1 /* Human.m */ = {isa = PBXFileReference; fileEncoding = 4; lastKnownFileType = sourcecode.c.objc; path = Human.m; sourceTree = "<group>"; };
/* End PBXFileReference section */

/* Begin PBXFrameworksBuildPhase section */
		3B834FF6182DEF050023D9E1 /* Frameworks */ = {
			isa = PBXFrameworksBuildPhase;
			buildActionMask = 2147483647;
			files = (
				3B834FFF182DEF050023D9E1 /* CoreGraphics.framework in Frameworks */,
				3B835001182DEF050023D9E1 /* UIKit.framework in Frameworks */,
				3B834FFD182DEF050023D9E1 /* Foundation.framework in Frameworks */,
			);
			runOnlyForDeploymentPostprocessing = 0;
		};
		3B835017182DEF050023D9E1 /* Frameworks */ = {
			isa = PBXFrameworksBuildPhase;
			buildActionMask = 2147483647;
			files = (
				3B83501C182DEF050023D9E1 /* XCTest.framework in Frameworks */,
				3B83501E182DEF050023D9E1 /* UIKit.framework in Frameworks */,
				3B83501D182DEF050023D9E1 /* Foundation.framework in Frameworks */,
			);
			runOnlyForDeploymentPostprocessing = 0;
		};
/* End PBXFrameworksBuildPhase section */

/* Begin PBXGroup section */
		3B834FF0182DEF050023D9E1 = {
			isa = PBXGroup;
			children = (
				3B835002182DEF050023D9E1 /* BlockSampleApplication */,
				3B835021182DEF050023D9E1 /* BlockSampleApplicationTests */,
				3B834FFB182DEF050023D9E1 /* Frameworks */,
				3B834FFA182DEF050023D9E1 /* Products */,
			);
			sourceTree = "<group>";
		};
		3B834FFA182DEF050023D9E1 /* Products */ = {
			isa = PBXGroup;
			children = (
				3B834FF9182DEF050023D9E1 /* BlockSampleApplication.app */,
				3B83501A182DEF050023D9E1 /* BlockSampleApplicationTests.xctest */,
			);
			name = Products;
			sourceTree = "<group>";
		};
		3B834FFB182DEF050023D9E1 /* Frameworks */ = {
			isa = PBXGroup;
			children = (
				3B834FFC182DEF050023D9E1 /* Foundation.framework */,
				3B834FFE182DEF050023D9E1 /* CoreGraphics.framework */,
				3B835000182DEF050023D9E1 /* UIKit.framework */,
				3B83501B182DEF050023D9E1 /* XCTest.framework */,
			);
			name = Frameworks;
			sourceTree = "<group>";
		};
		3B835002182DEF050023D9E1 /* BlockSampleApplication */ = {
			isa = PBXGroup;
			children = (
				3B83500B182DEF050023D9E1 /* AppDelegate.h */,
				3B83500C182DEF050023D9E1 /* AppDelegate.m */,
				3B83500E182DEF050023D9E1 /* Main.storyboard */,
				3B835031182DF0750023D9E1 /* Human.h */,
				3B835032182DF0750023D9E1 /* Human.m */,
				3B835011182DEF050023D9E1 /* ViewController.h */,
				3B835012182DEF050023D9E1 /* ViewController.m */,
				3B835014182DEF050023D9E1 /* Images.xcassets */,
				3B835003182DEF050023D9E1 /* Supporting Files */,
			);
			path = BlockSampleApplication;
			sourceTree = "<group>";
		};
		3B835003182DEF050023D9E1 /* Supporting Files */ = {
			isa = PBXGroup;
			children = (
				3B835004182DEF050023D9E1 /* BlockSampleApplication-Info.plist */,
				3B835005182DEF050023D9E1 /* InfoPlist.strings */,
				3B835008182DEF050023D9E1 /* main.m */,
				3B83500A182DEF050023D9E1 /* BlockSampleApplication-Prefix.pch */,
			);
			name = "Supporting Files";
			sourceTree = "<group>";
		};
		3B835021182DEF050023D9E1 /* BlockSampleApplicationTests */ = {
			isa = PBXGroup;
			children = (
				3B835027182DEF050023D9E1 /* BlockSampleApplicationTests.m */,
				3B835022182DEF050023D9E1 /* Supporting Files */,
			);
			path = BlockSampleApplicationTests;
			sourceTree = "<group>";
		};
		3B835022182DEF050023D9E1 /* Supporting Files */ = {
			isa = PBXGroup;
			children = (
				3B835023182DEF050023D9E1 /* BlockSampleApplicationTests-Info.plist */,
				3B835024182DEF050023D9E1 /* InfoPlist.strings */,
			);
			name = "Supporting Files";
			sourceTree = "<group>";
		};
/* End PBXGroup section */

/* Begin PBXNativeTarget section */
		3B834FF8182DEF050023D9E1 /* BlockSampleApplication */ = {
			isa = PBXNativeTarget;
			buildConfigurationList = 3B83502B182DEF050023D9E1 /* Build configuration list for PBXNativeTarget "BlockSampleApplication" */;
			buildPhases = (
				3B834FF5182DEF050023D9E1 /* Sources */,
				3B834FF6182DEF050023D9E1 /* Frameworks */,
				3B834FF7182DEF050023D9E1 /* Resources */,
			);
			buildRules = (
			);
			dependencies = (
			);
			name = BlockSampleApplication;
			productName = BlockSampleApplication;
			productReference = 3B834FF9182DEF050023D9E1 /* BlockSampleApplication.app */;
			productType = "com.apple.product-type.application";
		};
		3B835019182DEF050023D9E1 /* BlockSampleApplicationTests */ = {
			isa = PBXNativeTarget;
			buildConfigurationList = 3B83502E182DEF050023D9E1 /* Build configuration list for PBXNativeTarget "BlockSampleApplicationTests" */;
			buildPhases = (
				3B835016182DEF050023D9E1 /* Sources */,
				3B835017182DEF050023D9E1 /* Frameworks */,
				3B835018182DEF050023D9E1 /* Resources */,
			);
			buildRules = (
			);
			dependencies = (
				3B835020182DEF050023D9E1 /* PBXTargetDependency */,
			);
			name = BlockSampleApplicationTests;
			productName = BlockSampleApplicationTests;
			productReference = 3B83501A182DEF050023D9E1 /* BlockSampleApplicationTests.xctest */;
			productType = "com.apple.product-type.bundle.unit-test";
		};
/* End PBXNativeTarget section */

/* Begin PBXProject section */
		3B834FF1182DEF050023D9E1 /* Project object */ = {
			isa = PBXProject;
			attributes = {
				LastUpgradeCheck = 0500;
				ORGANIZATIONNAME = kjcode;
				TargetAttributes = {
					3B835019182DEF050023D9E1 = {
						TestTargetID = 3B834FF8182DEF050023D9E1;
					};
				};
			};
			buildConfigurationList = 3B834FF4182DEF050023D9E1 /* Build configuration list for PBXProject "BlockSampleApplication" */;
			compatibilityVersion = "Xcode 3.2";
			developmentRegion = English;
			hasScannedForEncodings = 0;
			knownRegions = (
				en,
				Base,
			);
			mainGroup = 3B834FF0182DEF050023D9E1;
			productRefGroup = 3B834FFA182DEF050023D9E1 /* Products */;
			projectDirPath = "";
			projectRoot = "";
			targets = (
				3B834FF8182DEF050023D9E1 /* BlockSampleApplication */,
				3B835019182DEF050023D9E1 /* BlockSampleApplicationTests */,
			);
		};
/* End PBXProject section */

/* Begin PBXResourcesBuildPhase section */
		3B834FF7182DEF050023D9E1 /* Resources */ = {
			isa = PBXResourcesBuildPhase;
			buildActionMask = 2147483647;
			files = (
				3B835015182DEF050023D9E1 /* Images.xcassets in Resources */,
				3B835007182DEF050023D9E1 /* InfoPlist.strings in Resources */,
				3B835010182DEF050023D9E1 /* Main.storyboard in Resources */,
			);
			runOnlyForDeploymentPostprocessing = 0;
		};
		3B835018182DEF050023D9E1 /* Resources */ = {
			isa = PBXResourcesBuildPhase;
			buildActionMask = 2147483647;
			files = (
				3B835026182DEF050023D9E1 /* InfoPlist.strings in Resources */,
			);
			runOnlyForDeploymentPostprocessing = 0;
		};
/* End PBXResourcesBuildPhase section */

/* Begin PBXSourcesBuildPhase section */
		3B834FF5182DEF050023D9E1 /* Sources */ = {
			isa = PBXSourcesBuildPhase;
			buildActionMask = 2147483647;
			files = (
				3B835013182DEF050023D9E1 /* ViewController.m in Sources */,
				3B83500D182DEF050023D9E1 /* AppDelegate.m in Sources */,
				3B835009182DEF050023D9E1 /* main.m in Sources */,
				3B835033182DF0750023D9E1 /* Human.m in Sources */,
			);
			runOnlyForDeploymentPostprocessing = 0;
		};
		3B835016182DEF050023D9E1 /* Sources */ = {
			isa = PBXSourcesBuildPhase;
			buildActionMask = 2147483647;
			files = (
				3B835028182DEF050023D9E1 /* BlockSampleApplicationTests.m in Sources */,
			);
			runOnlyForDeploymentPostprocessing = 0;
		};
/* End PBXSourcesBuildPhase section */

/* Begin PBXTargetDependency section */
		3B835020182DEF050023D9E1 /* PBXTargetDependency */ = {
			isa = PBXTargetDependency;
			target = 3B834FF8182DEF050023D9E1 /* BlockSampleApplication */;
			targetProxy = 3B83501F182DEF050023D9E1 /* PBXContainerItemProxy */;
		};
/* End PBXTargetDependency section */

/* Begin PBXVariantGroup section */
		3B835005182DEF050023D9E1 /* InfoPlist.strings */ = {
			isa = PBXVariantGroup;
			children = (
				3B835006182DEF050023D9E1 /* en */,
			);
			name = InfoPlist.strings;
			sourceTree = "<group>";
		};
		3B83500E182DEF050023D9E1 /* Main.storyboard */ = {
			isa = PBXVariantGroup;
			children = (
				3B83500F182DEF050023D9E1 /* Base */,
			);
			name = Main.storyboard;
			sourceTree = "<group>";
		};
		3B835024182DEF050023D9E1 /* InfoPlist.strings */ = {
			isa = PBXVariantGroup;
			children = (
				3B835025182DEF050023D9E1 /* en */,
			);
			name = InfoPlist.strings;
			sourceTree = "<group>";
		};
/* End PBXVariantGroup section */

/* Begin XCBuildConfiguration section */
		3B835029182DEF050023D9E1 /* Debug */ = {
			isa = XCBuildConfiguration;
			buildSettings = {
				ALWAYS_SEARCH_USER_PATHS = NO;
				ARCHS = "$(ARCHS_STANDARD_INCLUDING_64_BIT)";
				CLANG_CXX_LANGUAGE_STANDARD = "gnu++0x";
				CLANG_CXX_LIBRARY = "libc++";
				CLANG_ENABLE_MODULES = YES;
				CLANG_ENABLE_OBJC_ARC = YES;
				CLANG_WARN_BOOL_CONVERSION = YES;
				CLANG_WARN_CONSTANT_CONVERSION = YES;
				CLANG_WARN_DIRECT_OBJC_ISA_USAGE = YES_ERROR;
				CLANG_WARN_EMPTY_BODY = YES;
				CLANG_WARN_ENUM_CONVERSION = YES;
				CLANG_WARN_INT_CONVERSION = YES;
				CLANG_WARN_OBJC_ROOT_CLASS = YES_ERROR;
				CLANG_WARN__DUPLICATE_METHOD_MATCH = YES;
				"CODE_SIGN_IDENTITY[sdk=iphoneos*]" = "iPhone Developer";
				COPY_PHASE_STRIP = NO;
				GCC_C_LANGUAGE_STANDARD = gnu99;
				GCC_DYNAMIC_NO_PIC = NO;
				GCC_OPTIMIZATION_LEVEL = 0;
				GCC_PREPROCESSOR_DEFINITIONS = (
					"DEBUG=1",
					"$(inherited)",
				);
				GCC_SYMBOLS_PRIVATE_EXTERN = NO;
				GCC_WARN_64_TO_32_BIT_CONVERSION = YES;
				GCC_WARN_ABOUT_RETURN_TYPE = YES_ERROR;
				GCC_WARN_UNDECLARED_SELECTOR = YES;
				GCC_WARN_UNINITIALIZED_AUTOS = YES;
				GCC_WARN_UNUSED_FUNCTION = YES;
				GCC_WARN_UNUSED_VARIABLE = YES;
				IPHONEOS_DEPLOYMENT_TARGET = 7.0;
				ONLY_ACTIVE_ARCH = YES;
				SDKROOT = iphoneos;
			};
			name = Debug;
		};
		3B83502A182DEF050023D9E1 /* Release */ = {
			isa = XCBuildConfiguration;
			buildSettings = {
				ALWAYS_SEARCH_USER_PATHS = NO;
				ARCHS = "$(ARCHS_STANDARD_INCLUDING_64_BIT)";
				CLANG_CXX_LANGUAGE_STANDARD = "gnu++0x";
				CLANG_CXX_LIBRARY = "libc++";
				CLANG_ENABLE_MODULES = YES;
				CLANG_ENABLE_OBJC_ARC = YES;
				CLANG_WARN_BOOL_CONVERSION = YES;
				CLANG_WARN_CONSTANT_CONVERSION = YES;
				CLANG_WARN_DIRECT_OBJC_ISA_USAGE = YES_ERROR;
				CLANG_WARN_EMPTY_BODY = YES;
				CLANG_WARN_ENUM_CONVERSION = YES;
				CLANG_WARN_INT_CONVERSION = YES;
				CLANG_WARN_OBJC_ROOT_CLASS = YES_ERROR;
				CLANG_WARN__DUPLICATE_METHOD_MATCH = YES;
				"CODE_SIGN_IDENTITY[sdk=iphoneos*]" = "iPhone Developer";
				COPY_PHASE_STRIP = YES;
				ENABLE_NS_ASSERTIONS = NO;
				GCC_C_LANGUAGE_STANDARD = gnu99;
				GCC_WARN_64_TO_32_BIT_CONVERSION = YES;
				GCC_WARN_ABOUT_RETURN_TYPE = YES_ERROR;
				GCC_WARN_UNDECLARED_SELECTOR = YES;
				GCC_WARN_UNINITIALIZED_AUTOS = YES;
				GCC_WARN_UNUSED_FUNCTION = YES;
				GCC_WARN_UNUSED_VARIABLE = YES;
				IPHONEOS_DEPLOYMENT_TARGET = 7.0;
				SDKROOT = iphoneos;
				VALIDATE_PRODUCT = YES;
			};
			name = Release;
		};
		3B83502C182DEF050023D9E1 /* Debug */ = {
			isa = XCBuildConfiguration;
			buildSettings = {
				ASSETCATALOG_COMPILER_APPICON_NAME = AppIcon;
				ASSETCATALOG_COMPILER_LAUNCHIMAGE_NAME = LaunchImage;
				GCC_PRECOMPILE_PREFIX_HEADER = YES;
				GCC_PREFIX_HEADER = "BlockSampleApplication/BlockSampleApplication-Prefix.pch";
				INFOPLIST_FILE = "BlockSampleApplication/BlockSampleApplication-Info.plist";
				PRODUCT_NAME = "$(TARGET_NAME)";
				WRAPPER_EXTENSION = app;
			};
			name = Debug;
		};
		3B83502D182DEF050023D9E1 /* Release */ = {
			isa = XCBuildConfiguration;
			buildSettings = {
				ASSETCATALOG_COMPILER_APPICON_NAME = AppIcon;
				ASSETCATALOG_COMPILER_LAUNCHIMAGE_NAME = LaunchImage;
				GCC_PRECOMPILE_PREFIX_HEADER = YES;
				GCC_PREFIX_HEADER = "BlockSampleApplication/BlockSampleApplication-Prefix.pch";
				INFOPLIST_FILE = "BlockSampleApplication/BlockSampleApplication-Info.plist";
				PRODUCT_NAME = "$(TARGET_NAME)";
				WRAPPER_EXTENSION = app;
			};
			name = Release;
		};
		3B83502F182DEF050023D9E1 /* Debug */ = {
			isa = XCBuildConfiguration;
			buildSettings = {
				ARCHS = "$(ARCHS_STANDARD_INCLUDING_64_BIT)";
				BUNDLE_LOADER = "$(BUILT_PRODUCTS_DIR)/BlockSampleApplication.app/BlockSampleApplication";
				FRAMEWORK_SEARCH_PATHS = (
					"$(SDKROOT)/Developer/Library/Frameworks",
					"$(inherited)",
					"$(DEVELOPER_FRAMEWORKS_DIR)",
				);
				GCC_PRECOMPILE_PREFIX_HEADER = YES;
				GCC_PREFIX_HEADER = "BlockSampleApplication/BlockSampleApplication-Prefix.pch";
				GCC_PREPROCESSOR_DEFINITIONS = (
					"DEBUG=1",
					"$(inherited)",
				);
				INFOPLIST_FILE = "BlockSampleApplicationTests/BlockSampleApplicationTests-Info.plist";
				PRODUCT_NAME = "$(TARGET_NAME)";
				TEST_HOST = "$(BUNDLE_LOADER)";
				WRAPPER_EXTENSION = xctest;
			};
			name = Debug;
		};
		3B835030182DEF050023D9E1 /* Release */ = {
			isa = XCBuildConfiguration;
			buildSettings = {
				ARCHS = "$(ARCHS_STANDARD_INCLUDING_64_BIT)";
				BUNDLE_LOADER = "$(BUILT_PRODUCTS_DIR)/BlockSampleApplication.app/BlockSampleApplication";
				FRAMEWORK_SEARCH_PATHS = (
					"$(SDKROOT)/Developer/Library/Frameworks",
					"$(inherited)",
					"$(DEVELOPER_FRAMEWORKS_DIR)",
				);
				GCC_PRECOMPILE_PREFIX_HEADER = YES;
				GCC_PREFIX_HEADER = "BlockSampleApplication/BlockSampleApplication-Prefix.pch";
				INFOPLIST_FILE = "BlockSampleApplicationTests/BlockSampleApplicationTests-Info.plist";
				PRODUCT_NAME = "$(TARGET_NAME)";
				TEST_HOST = "$(BUNDLE_LOADER)";
				WRAPPER_EXTENSION = xctest;
			};
			name = Release;
		};
/* End XCBuildConfiguration section */

/* Begin XCConfigurationList section */
		3B834FF4182DEF050023D9E1 /* Build configuration list for PBXProject "BlockSampleApplication" */ = {
			isa = XCConfigurationList;
			buildConfigurations = (
				3B835029182DEF050023D9E1 /* Debug */,
				3B83502A182DEF050023D9E1 /* Release */,
			);
			defaultConfigurationIsVisible = 0;
			defaultConfigurationName = Release;
		};
		3B83502B182DEF050023D9E1 /* Build configuration list for PBXNativeTarget "BlockSampleApplication" */ = {
			isa = XCConfigurationList;
			buildConfigurations = (
				3B83502C182DEF050023D9E1 /* Debug */,
				3B83502D182DEF050023D9E1 /* Release */,
			);
			defaultConfigurationIsVisible = 0;
		};
		3B83502E182DEF050023D9E1 /* Build configuration list for PBXNativeTarget "BlockSampleApplicationTests" */ = {
			isa = XCConfigurationList;
			buildConfigurations = (
				3B83502F182DEF050023D9E1 /* Debug */,
				3B835030182DEF050023D9E1 /* Release */,
			);
			defaultConfigurationIsVisible = 0;
		};
/* End XCConfigurationList section */
	};
	rootObject = 3B834FF1182DEF050023D9E1 /* Project object */;
}
